
Microsoft Visual Studio Solution File, Format Version 11.00
# Visual Studio 2010
Project("{FAE04EC0-301F-11D3-BF4B-00C04F79EFBC}") = "Assembly-CSharp", "Assembly-CSharp.csproj", "{D6F06F75-DDF5-F4DE-2E39-424E6411FE61}"
EndProject
Global
	GlobalSection(SolutionConfigurationPlatforms) = preSolution
		Debug|Any CPU = Debug|Any CPU
		Release|Any CPU = Release|Any CPU
	EndGlobalSection
	GlobalSection(ProjectConfigurationPlatforms) = postSolution
		{D6F06F75-DDF5-F4DE-2E39-424E6411FE61}.Debug|Any CPU.ActiveCfg = Debug|Any CPU
		{D6F06F75-DDF5-F4DE-2E39-424E6411FE61}.Debug|Any CPU.Build.0 = Debug|Any CPU
		{D6F06F75-DDF5-F4DE-2E39-424E6411FE61}.Release|Any CPU.ActiveCfg = Release|Any CPU
		{D6F06F75-DDF5-F4DE-2E39-424E6411FE61}.Release|Any CPU.Build.0 = Release|Any CPU
	EndGlobalSection
	GlobalSection(SolutionProperties) = preSolution
		HideSolutionNode = FALSE
	EndGlobalSection
	GlobalSection(MonoDevelopProperties) = preSolution
		StartupItem = Assembly-CSharp.csproj
	EndGlobalSection
EndGlobal
